
Microsoft Visual Studio Solution File, Format Version 12.00
# Visual Studio Version 16
VisualStudioVersion = 16.0.30804.86
MinimumVisualStudioVersion = 10.0.40219.1
Project("{FAE04EC0-301F-11D3-BF4B-00C04F79EFBC}") = "BleakBridge", "BleakBridge.csproj", "{1A71F1CA-4AFD-41CF-9CB9-1B1284124BE6}"
EndProject
Global
	GlobalSection(SolutionConfigurationPlatforms) = preSolution
		Debug|Any CPU = Debug|Any CPU
		Release|Any CPU = Release|Any CPU
	EndGlobalSection
	GlobalSection(ProjectConfigurationPlatforms) = postSolution
		{1A71F1CA-4AFD-41CF-9CB9-1B1284124BE6}.Debug|Any CPU.ActiveCfg = Debug|Any CPU
		{1A71F1CA-4AFD-41CF-9CB9-1B1284124BE6}.Debug|Any CPU.Build.0 = Debug|Any CPU
		{1A71F1CA-4AFD-41CF-9CB9-1B1284124BE6}.Release|Any CPU.ActiveCfg = Release|Any CPU
		{1A71F1CA-4AFD-41CF-9CB9-1B1284124BE6}.Release|Any CPU.Build.0 = Release|Any CPU
	EndGlobalSection
	GlobalSection(SolutionProperties) = preSolution
		HideSolutionNode = FALSE
	EndGlobalSection
	GlobalSection(ExtensibilityGlobals) = postSolution
		SolutionGuid = {AB05A0FC-B0EF-453E-8D96-1904246844F8}
	EndGlobalSection
EndGlobal
